
Microsoft Visual Studio Solution File, Format Version 12.00
# Visual Studio Version 17
VisualStudioVersion = 17.14.36705.20 d17.14
MinimumVisualStudioVersion = 10.0.40219.1
Project("{FAE04EC0-301F-11D3-BF4B-00C04F79EFBC}") = "Inspired Unique", "Inspired Unique.csproj", "{C8E1EF47-23AA-405C-93F1-AFC8D638B85F}"
EndProject
Global
	GlobalSection(SolutionConfigurationPlatforms) = preSolution
		Debug|Any CPU = Debug|Any CPU
		Release|Any CPU = Release|Any CPU
	EndGlobalSection
	GlobalSection(ProjectConfigurationPlatforms) = postSolution
		{C8E1EF47-23AA-405C-93F1-AFC8D638B85F}.Debug|Any CPU.ActiveCfg = Debug|Any CPU
		{C8E1EF47-23AA-405C-93F1-AFC8D638B85F}.Debug|Any CPU.Build.0 = Debug|Any CPU
		{C8E1EF47-23AA-405C-93F1-AFC8D638B85F}.Release|Any CPU.ActiveCfg = Release|Any CPU
		{C8E1EF47-23AA-405C-93F1-AFC8D638B85F}.Release|Any CPU.Build.0 = Release|Any CPU
	EndGlobalSection
	GlobalSection(SolutionProperties) = preSolution
		HideSolutionNode = FALSE
	EndGlobalSection
	GlobalSection(ExtensibilityGlobals) = postSolution
		SolutionGuid = {45457887-9EC9-4E98-B2B1-3FF336C15B15}
	EndGlobalSection
EndGlobal
